{
  "name": "maps",
  "lockfileVersion": 2,
  "requires": true,
  "packages": {
    "": {
      "dependencies": {
        "@types/faker": "^6.6.9",
        "faker": "^6.6.6"
      },
      "devDependencies": {
        "typescript": "^4.8.3"
      }
    },
    "node_modules/@types/faker": {
      "version": "6.6.9",
      "resolved": "https://registry.npmjs.org/@types/faker/-/faker-6.6.9.tgz",
      "integrity": "sha512-Y9YYm5L//8ooiiknO++4Gr539zzdI0j3aXnOBjo1Vk+kTvffY10GuE2wn78AFPECwZ5MYGTjiDVw1naLLdDimw==",
      "deprecated": "This is a stub types definition. faker provides its own type definitions, so you do not need this installed.",
      "dependencies": {
        "faker": "*"
      }
    },
    "node_modules/faker": {
      "version": "6.6.6",
      "resolved": "https://registry.npmjs.org/faker/-/faker-6.6.6.tgz",
      "integrity": "sha512-9tCqYEDHI5RYFQigXFwF1hnCwcWCOJl/hmll0lr5D2Ljjb0o4wphb69wikeJDz5qCEzXCoPvG6ss5SDP6IfOdg=="
    },
    "node_modules/typescript": {
      "version": "4.8.3",
      "resolved": "https://registry.npmjs.org/typescript/-/typescript-4.8.3.tgz",
      "integrity": "sha512-goMHfm00nWPa8UvR/CPSvykqf6dVV8x/dp0c5mFTMTIu0u0FlGWRioyy7Nn0PGAdHxpJZnuO/ut+PpQ8UiHAig==",
      "dev": true,
      "bin": {
        "tsc": "bin/tsc",
        "tsserver": "bin/tsserver"
      },
      "engines": {
        "node": ">=4.2.0"
      }
    }
  },
  "dependencies": {
    "@types/faker": {
      "version": "6.6.9",
      "resolved": "https://registry.npmjs.org/@types/faker/-/faker-6.6.9.tgz",
      "integrity": "sha512-Y9YYm5L//8ooiiknO++4Gr539zzdI0j3aXnOBjo1Vk+kTvffY10GuE2wn78AFPECwZ5MYGTjiDVw1naLLdDimw==",
      "requires": {
        "faker": "*"
      }
    },
    "faker": {
      "version": "6.6.6",
      "resolved": "https://registry.npmjs.org/faker/-/faker-6.6.6.tgz",
      "integrity": "sha512-9tCqYEDHI5RYFQigXFwF1hnCwcWCOJl/hmll0lr5D2Ljjb0o4wphb69wikeJDz5qCEzXCoPvG6ss5SDP6IfOdg=="
    },
    "typescript": {
      "version": "4.8.3",
      "resolved": "https://registry.npmjs.org/typescript/-/typescript-4.8.3.tgz",
      "integrity": "sha512-goMHfm00nWPa8UvR/CPSvykqf6dVV8x/dp0c5mFTMTIu0u0FlGWRioyy7Nn0PGAdHxpJZnuO/ut+PpQ8UiHAig==",
      "dev": true
    }
  }
}
